<?xml version="1.0" encoding="utf-8"?>
<Project ToolsVersion="4.0" xmlns="http://schemas.microsoft.com/developer/msbuild/2003">
  <ItemGroup>
    <Filter Include="core">
      <UniqueIdentifier>{a1000000-0000-0000-0000-000000000001}</UniqueIdentifier>
    </Filter>
    <Filter Include="capture">
      <UniqueIdentifier>{a1000000-0000-0000-0000-000000000002}</UniqueIdentifier>
    </Filter>
    <Filter Include="inference">
      <UniqueIdentifier>{a1000000-0000-0000-0000-000000000003}</UniqueIdentifier>
    </Filter>
    <Filter Include="persistence">
      <UniqueIdentifier>{a1000000-0000-0000-0000-000000000004}</UniqueIdentifier>
    </Filter>
    <Filter Include="pipeline">
      <UniqueIdentifier>{a1000000-0000-0000-0000-000000000005}</UniqueIdentifier>
    </Filter>
  </ItemGroup>
  <ItemGroup>
    <ClInclude Include="..\..\include\detector\core\Config.h">
      <Filter>core</Filter>
    </ClInclude>
    <ClInclude Include="..\..\include\detector\core\Log.h">
      <Filter>core</Filter>
    </ClInclude>
    <ClInclude Include="..\..\include\detector\core\Time.h">
      <Filter>core</Filter>
    </ClInclude>
    <ClInclude Include="..\..\include\detector\core\ThreadSafeQueue.h">
      <Filter>core</Filter>
    </ClInclude>
    <ClInclude Include="..\..\include\detector\capture\FrameSource.h">
      <Filter>capture</Filter>
    </ClInclude>
    <ClInclude Include="..\..\include\detector\inference\DetectorNet.h">
      <Filter>inference</Filter>
    </ClInclude>
    <ClInclude Include="..\..\include\detector\inference\Frame.h">
      <Filter>inference</Filter>
    </ClInclude>
    <ClInclude Include="..\..\include\detector\inference\Detection.h">
      <Filter>inference</Filter>
    </ClInclude>
    <ClInclude Include="..\..\include\detector\persistence\ISink.h">
      <Filter>persistence</Filter>
    </ClInclude>
    <ClInclude Include="..\..\include\detector\persistence\FileSink.h">
      <Filter>persistence</Filter>
    </ClInclude>
    <ClInclude Include="..\..\include\detector\persistence\AdoConnection.h">
      <Filter>persistence</Filter>
    </ClInclude>
    <ClInclude Include="..\..\include\detector\persistence\SqlServerSink.h">
      <Filter>persistence</Filter>
    </ClInclude>
    <ClInclude Include="..\..\include\detector\pipeline\Pipeline.h">
      <Filter>pipeline</Filter>
    </ClInclude>
  </ItemGroup>
  <ItemGroup>
    <ClCompile Include="..\..\src\core\Config.cpp">
      <Filter>core</Filter>
    </ClCompile>
    <ClCompile Include="..\..\src\core\Log.cpp">
      <Filter>core</Filter>
    </ClCompile>
    <ClCompile Include="..\..\src\core\Time.cpp">
      <Filter>core</Filter>
    </ClCompile>
    <ClCompile Include="..\..\src\capture\FrameSource.cpp">
      <Filter>capture</Filter>
    </ClCompile>
    <ClCompile Include="..\..\src\inference\DetectorNet.cpp">
      <Filter>inference</Filter>
    </ClCompile>
    <ClCompile Include="..\..\src\persistence\FileSink.cpp">
      <Filter>persistence</Filter>
    </ClCompile>
    <ClCompile Include="..\..\src\persistence\AdoConnection.cpp">
      <Filter>persistence</Filter>
    </ClCompile>
    <ClCompile Include="..\..\src\persistence\SqlServerSink.cpp">
      <Filter>persistence</Filter>
    </ClCompile>
    <ClCompile Include="..\..\src\pipeline\Pipeline.cpp">
      <Filter>pipeline</Filter>
    </ClCompile>
    <ClCompile Include="..\..\src\pipeline\main.cpp">
      <Filter>pipeline</Filter>
    </ClCompile>
  </ItemGroup>
</Project>
